
Microsoft Visual Studio Solution File, Format Version 12.00
# Visual Studio Version 17
VisualStudioVersion = 17.8.34511.84
MinimumVisualStudioVersion = 10.0.40219.1
Project("{FAE04EC0-301F-11D3-BF4B-00C04F79EFBC}") = "double glazed windows", "double glazed windows.csproj", "{91F5D286-6ABA-44A0-9B43-6FF051D5FB4E}"
EndProject
Global
	GlobalSection(SolutionConfigurationPlatforms) = preSolution
		Debug|Any CPU = Debug|Any CPU
		Release|Any CPU = Release|Any CPU
	EndGlobalSection
	GlobalSection(ProjectConfigurationPlatforms) = postSolution
		{91F5D286-6ABA-44A0-9B43-6FF051D5FB4E}.Debug|Any CPU.ActiveCfg = Debug|Any CPU
		{91F5D286-6ABA-44A0-9B43-6FF051D5FB4E}.Debug|Any CPU.Build.0 = Debug|Any CPU
		{91F5D286-6ABA-44A0-9B43-6FF051D5FB4E}.Release|Any CPU.ActiveCfg = Release|Any CPU
		{91F5D286-6ABA-44A0-9B43-6FF051D5FB4E}.Release|Any CPU.Build.0 = Release|Any CPU
	EndGlobalSection
	GlobalSection(SolutionProperties) = preSolution
		HideSolutionNode = FALSE
	EndGlobalSection
	GlobalSection(ExtensibilityGlobals) = postSolution
		SolutionGuid = {412A98ED-5DD6-424F-9040-6AE743D56BDC}
	EndGlobalSection
EndGlobal
